
Microsoft Visual Studio Solution File, Format Version 12.00
# Visual Studio Version 16
VisualStudioVersion = 16.0.30413.136
MinimumVisualStudioVersion = 10.0.40219.1
Project("{888888A0-9F3D-457C-B088-3A5042F75D52}") = "Vilmem.net", "Vilmem.net.pyproj", "{FFC5092D-6921-4787-9E87-8179A2807F54}"
EndProject
Global
	GlobalSection(SolutionConfigurationPlatforms) = preSolution
		Debug|Any CPU = Debug|Any CPU
		Release|Any CPU = Release|Any CPU
	EndGlobalSection
	GlobalSection(ProjectConfigurationPlatforms) = postSolution
		{FFC5092D-6921-4787-9E87-8179A2807F54}.Debug|Any CPU.ActiveCfg = Debug|Any CPU
		{FFC5092D-6921-4787-9E87-8179A2807F54}.Release|Any CPU.ActiveCfg = Release|Any CPU
	EndGlobalSection
	GlobalSection(SolutionProperties) = preSolution
		HideSolutionNode = FALSE
	EndGlobalSection
	GlobalSection(ExtensibilityGlobals) = postSolution
		SolutionGuid = {DA742496-E2F5-419D-A5E4-E636111729C8}
	EndGlobalSection
EndGlobal
